<?xml version="1.0" encoding="utf-8"?>
<Project ToolsVersion="4.0" xmlns="http://schemas.microsoft.com/developer/msbuild/2003">
  <ItemGroup>
    <ClCompile Include="main.cpp" />
    <ClCompile Include="ws_server.cpp">
      <Filter>Source Files</Filter>
    </ClCompile>
    <ClCompile Include="PingRequest.cpp">
      <Filter>Source Files\requestSolvers</Filter>
    </ClCompile>
    <ClCompile Include="connection.cpp">
      <Filter>Source Files\session</Filter>
    </ClCompile>
    <ClCompile Include="parser.cpp">
      <Filter>Source Files\session</Filter>
    </ClCompile>
    <ClCompile Include="session.cpp">
      <Filter>Source Files\session</Filter>
    </ClCompile>
    <ClCompile Include="describeChannels.cpp">
      <Filter>Source Files\requestSolvers</Filter>
    </ClCompile>
    <ClCompile Include="signalRecording_start.cpp">
      <Filter>Source Files\requestSolvers</Filter>
    </ClCompile>
    <ClCompile Include="signalRecording_stop.cpp">
      <Filter>Source Files\requestSolvers</Filter>
    </ClCompile>
    <ClCompile Include="plotter_start.cpp">
      <Filter>Source Files\requestSolvers</Filter>
    </ClCompile>
    <ClCompile Include="plotter_plot.cpp">
      <Filter>Source Files\requestSolvers</Filter>
    </ClCompile>
    <ClCompile Include="plotter_selectStationaryIntervals.cpp">
      <Filter>Source Files\requestSolvers</Filter>
    </ClCompile>
    <ClCompile Include="plotter_stop.cpp">
      <Filter>Source Files\requestSolvers</Filter>
    </ClCompile>
    <ClCompile Include="signalTransform.cpp">
      <Filter>Source Files\requestSolvers</Filter>
    </ClCompile>
    <ClCompile Include="config.cpp">
      <Filter>Source Files</Filter>
    </ClCompile>
    <ClCompile Include="adc.cpp">
      <Filter>Source Files\hw</Filter>
    </ClCompile>
    <ClCompile Include="render.cpp">
      <Filter>Source Files\session</Filter>
    </ClCompile>
    <ClCompile Include="request.cpp">
      <Filter>Source Files\requestSolvers\base</Filter>
    </ClCompile>
    <ClCompile Include="ADCWatchdog.cpp">
      <Filter>Source Files</Filter>
    </ClCompile>
    <ClCompile Include="visualQueue.cpp">
      <Filter>Source Files</Filter>
    </ClCompile>
  </ItemGroup>
  <ItemGroup>
    <Filter Include="Header Files">
      <UniqueIdentifier>{93995380-89BD-4b04-88EB-625FBE52EBFB}</UniqueIdentifier>
      <Extensions>h;hh;hpp;hxx;hm;inl;inc;xsd</Extensions>
      <ParseFiles>true</ParseFiles>
    </Filter>
    <Filter Include="Source Files">
      <UniqueIdentifier>{4FC737F1-C7A5-4376-A066-2A32D752A2FF}</UniqueIdentifier>
      <Extensions>cpp;c;cc;cxx;def;odl;idl;hpj;bat;asm;asmx</Extensions>
      <ParseFiles>true</ParseFiles>
    </Filter>
    <Filter Include="Header Files\requestSolvers">
      <UniqueIdentifier>{1dba4ce6-3791-4e67-a995-7ad6e02cd2fd}</UniqueIdentifier>
    </Filter>
    <Filter Include="Source Files\requestSolvers">
      <UniqueIdentifier>{dd1d495f-faf2-46d3-b187-4698b10b63b9}</UniqueIdentifier>
    </Filter>
    <Filter Include="Source Files\session">
      <UniqueIdentifier>{ffddb603-47e1-4a0b-b795-ac2dbf75132f}</UniqueIdentifier>
    </Filter>
    <Filter Include="Header Files\session">
      <UniqueIdentifier>{2b05c343-3b1c-4c83-a558-4ced5715acdf}</UniqueIdentifier>
    </Filter>
    <Filter Include="Header Files\hw">
      <UniqueIdentifier>{067b76e7-3b2d-4a8c-81f9-f1c8b1127504}</UniqueIdentifier>
    </Filter>
    <Filter Include="Source Files\hw">
      <UniqueIdentifier>{bf57680f-ae6e-4119-b908-998f69ea831d}</UniqueIdentifier>
    </Filter>
    <Filter Include="Source Files\requestSolvers\base">
      <UniqueIdentifier>{e8356607-7851-42b7-babc-45748389ab83}</UniqueIdentifier>
    </Filter>
    <Filter Include="Header Files\requestSolvers\base">
      <UniqueIdentifier>{ee97b5db-a856-4267-b2a7-737bb17ae376}</UniqueIdentifier>
    </Filter>
    <Filter Include="Header Files\signalProcessing">
      <UniqueIdentifier>{28f30c04-31fd-4ab0-bfdf-d2567a734e52}</UniqueIdentifier>
    </Filter>
    <Filter Include="Source Files\signalProcessing">
      <UniqueIdentifier>{f5277df6-43e9-4f40-88a7-c1b6c6acd166}</UniqueIdentifier>
    </Filter>
  </ItemGroup>
  <ItemGroup>
    <QtMoc Include="ws_server.h">
      <Filter>Header Files</Filter>
    </QtMoc>
    <QtMoc Include="PingRequest.h">
      <Filter>Header Files\requestSolvers</Filter>
    </QtMoc>
    <QtMoc Include="connection.h">
      <Filter>Header Files\session</Filter>
    </QtMoc>
    <QtMoc Include="parser.h">
      <Filter>Header Files\session</Filter>
    </QtMoc>
    <QtMoc Include="session.h">
      <Filter>Header Files\session</Filter>
    </QtMoc>
    <QtMoc Include="describeChannels.h">
      <Filter>Header Files\requestSolvers</Filter>
    </QtMoc>
    <QtMoc Include="signalRecording_start.h">
      <Filter>Header Files\requestSolvers</Filter>
    </QtMoc>
    <QtMoc Include="signalRecording_stop.h">
      <Filter>Header Files\requestSolvers</Filter>
    </QtMoc>
    <QtMoc Include="plotter_start.h">
      <Filter>Header Files\requestSolvers</Filter>
    </QtMoc>
    <QtMoc Include="plotter_plot.h">
      <Filter>Header Files\requestSolvers</Filter>
    </QtMoc>
    <QtMoc Include="plotter_selectStationaryIntervals.h">
      <Filter>Header Files\requestSolvers</Filter>
    </QtMoc>
    <QtMoc Include="plotter_stop.h">
      <Filter>Header Files\requestSolvers</Filter>
    </QtMoc>
    <QtMoc Include="signalTransform.h">
      <Filter>Header Files\requestSolvers</Filter>
    </QtMoc>
    <QtMoc Include="config.h">
      <Filter>Header Files</Filter>
    </QtMoc>
    <QtMoc Include="adc.h">
      <Filter>Header Files\hw</Filter>
    </QtMoc>
    <QtMoc Include="render.h">
      <Filter>Header Files\session</Filter>
    </QtMoc>
    <QtMoc Include="request.h">
      <Filter>Header Files\requestSolvers\base</Filter>
    </QtMoc>
    <QtMoc Include="ADCWatchdog.h">
      <Filter>Header Files</Filter>
    </QtMoc>
    <QtMoc Include="visualQueue.h">
      <Filter>Header Files</Filter>
    </QtMoc>
  </ItemGroup>
  <ItemGroup>
    <ClInclude Include="types.h">
      <Filter>Header Files</Filter>
    </ClInclude>
    <ClInclude Include="errorCodes.h">
      <Filter>Header Files</Filter>
    </ClInclude>
    <ClInclude Include="const.h">
      <Filter>Header Files</Filter>
    </ClInclude>
  </ItemGroup>
  <ItemGroup>
    <None Include="config.json" />
  </ItemGroup>
</Project>